// !$*UTF8*$!
{
	archiveVersion = 1;
	classes = {
	};
	objectVersion = 56;
	objects = {

/* Begin PBXBuildFile section */
		CE046EA9299A667700BBE9C7 /* AppDelegate.swift in Sources */ = {isa = PBXBuildFile; fileRef = CE046EA8299A667700BBE9C7 /* AppDelegate.swift */; };
		CE046EAB299A667700BBE9C7 /* SceneDelegate.swift in Sources */ = {isa = PBXBuildFile; fileRef = CE046EAA299A667700BBE9C7 /* SceneDelegate.swift */; };
		CE046EB2299A667A00BBE9C7 /* Assets.xcassets in Resources */ = {isa = PBXBuildFile; fileRef = CE046EB1299A667A00BBE9C7 /* Assets.xcassets */; };
		CE046EB5299A667A00BBE9C7 /* LaunchScreen.storyboard in Resources */ = {isa = PBXBuildFile; fileRef = CE046EB3299A667A00BBE9C7 /* LaunchScreen.storyboard */; };
		CE046EC0299A667A00BBE9C7 /* GBShopTests.swift in Sources */ = {isa = PBXBuildFile; fileRef = CE046EBF299A667A00BBE9C7 /* GBShopTests.swift */; };
		CE046ECA299A667A00BBE9C7 /* GBShopUITests.swift in Sources */ = {isa = PBXBuildFile; fileRef = CE046EC9299A667A00BBE9C7 /* GBShopUITests.swift */; };
		CE046ECC299A667A00BBE9C7 /* GBShopUITestsLaunchTests.swift in Sources */ = {isa = PBXBuildFile; fileRef = CE046ECB299A667A00BBE9C7 /* GBShopUITestsLaunchTests.swift */; };
		CE046EEA299A769F00BBE9C7 /* User.swift in Sources */ = {isa = PBXBuildFile; fileRef = CE046EE9299A769F00BBE9C7 /* User.swift */; };
		CE046EEC299A76F000BBE9C7 /* LoginResult.swift in Sources */ = {isa = PBXBuildFile; fileRef = CE046EEB299A76F000BBE9C7 /* LoginResult.swift */; };
		CE046EEF299A7A0200BBE9C7 /* Alamofire in Frameworks */ = {isa = PBXBuildFile; productRef = CE046EEE299A7A0200BBE9C7 /* Alamofire */; };
		CE046EF2299A7B7800BBE9C7 /* AuthRequestFactory.swift in Sources */ = {isa = PBXBuildFile; fileRef = CE046EF1299A7B7800BBE9C7 /* AuthRequestFactory.swift */; };
		CE046EF4299A7C5500BBE9C7 /* Auth.swift in Sources */ = {isa = PBXBuildFile; fileRef = CE046EF3299A7C5500BBE9C7 /* Auth.swift */; };
		CE046EF6299A7E7700BBE9C7 /* RequestFactory.swift in Sources */ = {isa = PBXBuildFile; fileRef = CE046EF5299A7E7700BBE9C7 /* RequestFactory.swift */; };
		CE046EF9299A828100BBE9C7 /* AbstractErrorParser.swift in Sources */ = {isa = PBXBuildFile; fileRef = CE046EF8299A828100BBE9C7 /* AbstractErrorParser.swift */; };
		CE046EFB299A836B00BBE9C7 /* ErrorParser.swift in Sources */ = {isa = PBXBuildFile; fileRef = CE046EFA299A836B00BBE9C7 /* ErrorParser.swift */; };
		CE046EFD299A847500BBE9C7 /* CustomDecodableSerializer.swift in Sources */ = {isa = PBXBuildFile; fileRef = CE046EFC299A847500BBE9C7 /* CustomDecodableSerializer.swift */; };
		CE046EFF299A862E00BBE9C7 /* DataRequest.swift in Sources */ = {isa = PBXBuildFile; fileRef = CE046EFE299A862E00BBE9C7 /* DataRequest.swift */; };
		CE046F01299A872B00BBE9C7 /* RequestRouter.swift in Sources */ = {isa = PBXBuildFile; fileRef = CE046F00299A872B00BBE9C7 /* RequestRouter.swift */; };
/* End PBXBuildFile section */

/* Begin PBXContainerItemProxy section */
		CE046EBC299A667A00BBE9C7 /* PBXContainerItemProxy */ = {
			isa = PBXContainerItemProxy;
			containerPortal = CE046E9D299A667700BBE9C7 /* Project object */;
			proxyType = 1;
			remoteGlobalIDString = CE046EA4299A667700BBE9C7;
			remoteInfo = GBShop;
		};
		CE046EC6299A667A00BBE9C7 /* PBXContainerItemProxy */ = {
			isa = PBXContainerItemProxy;
			containerPortal = CE046E9D299A667700BBE9C7 /* Project object */;
			proxyType = 1;
			remoteGlobalIDString = CE046EA4299A667700BBE9C7;
			remoteInfo = GBShop;
		};
/* End PBXContainerItemProxy section */

/* Begin PBXFileReference section */
		CE046EA5299A667700BBE9C7 /* GBShop.app */ = {isa = PBXFileReference; explicitFileType = wrapper.application; includeInIndex = 0; path = GBShop.app; sourceTree = BUILT_PRODUCTS_DIR; };
		CE046EA8299A667700BBE9C7 /* AppDelegate.swift */ = {isa = PBXFileReference; lastKnownFileType = sourcecode.swift; path = AppDelegate.swift; sourceTree = "<group>"; };
		CE046EAA299A667700BBE9C7 /* SceneDelegate.swift */ = {isa = PBXFileReference; lastKnownFileType = sourcecode.swift; path = SceneDelegate.swift; sourceTree = "<group>"; };
		CE046EB1299A667A00BBE9C7 /* Assets.xcassets */ = {isa = PBXFileReference; lastKnownFileType = folder.assetcatalog; path = Assets.xcassets; sourceTree = "<group>"; };
		CE046EB4299A667A00BBE9C7 /* Base */ = {isa = PBXFileReference; lastKnownFileType = file.storyboard; name = Base; path = Base.lproj/LaunchScreen.storyboard; sourceTree = "<group>"; };
		CE046EB6299A667A00BBE9C7 /* Info.plist */ = {isa = PBXFileReference; lastKnownFileType = text.plist.xml; path = Info.plist; sourceTree = "<group>"; };
		CE046EBB299A667A00BBE9C7 /* GBShopTests.xctest */ = {isa = PBXFileReference; explicitFileType = wrapper.cfbundle; includeInIndex = 0; path = GBShopTests.xctest; sourceTree = BUILT_PRODUCTS_DIR; };
		CE046EBF299A667A00BBE9C7 /* GBShopTests.swift */ = {isa = PBXFileReference; lastKnownFileType = sourcecode.swift; path = GBShopTests.swift; sourceTree = "<group>"; };
		CE046EC5299A667A00BBE9C7 /* GBShopUITests.xctest */ = {isa = PBXFileReference; explicitFileType = wrapper.cfbundle; includeInIndex = 0; path = GBShopUITests.xctest; sourceTree = BUILT_PRODUCTS_DIR; };
		CE046EC9299A667A00BBE9C7 /* GBShopUITests.swift */ = {isa = PBXFileReference; lastKnownFileType = sourcecode.swift; path = GBShopUITests.swift; sourceTree = "<group>"; };
		CE046ECB299A667A00BBE9C7 /* GBShopUITestsLaunchTests.swift */ = {isa = PBXFileReference; lastKnownFileType = sourcecode.swift; path = GBShopUITestsLaunchTests.swift; sourceTree = "<group>"; };
		CE046EE9299A769F00BBE9C7 /* User.swift */ = {isa = PBXFileReference; lastKnownFileType = sourcecode.swift; path = User.swift; sourceTree = "<group>"; };
		CE046EEB299A76F000BBE9C7 /* LoginResult.swift */ = {isa = PBXFileReference; lastKnownFileType = sourcecode.swift; path = LoginResult.swift; sourceTree = "<group>"; };
		CE046EF1299A7B7800BBE9C7 /* AuthRequestFactory.swift */ = {isa = PBXFileReference; lastKnownFileType = sourcecode.swift; path = AuthRequestFactory.swift; sourceTree = "<group>"; };
		CE046EF3299A7C5500BBE9C7 /* Auth.swift */ = {isa = PBXFileReference; lastKnownFileType = sourcecode.swift; path = Auth.swift; sourceTree = "<group>"; };
		CE046EF5299A7E7700BBE9C7 /* RequestFactory.swift */ = {isa = PBXFileReference; lastKnownFileType = sourcecode.swift; path = RequestFactory.swift; sourceTree = "<group>"; };
		CE046EF8299A828100BBE9C7 /* AbstractErrorParser.swift */ = {isa = PBXFileReference; lastKnownFileType = sourcecode.swift; path = AbstractErrorParser.swift; sourceTree = "<group>"; };
		CE046EFA299A836B00BBE9C7 /* ErrorParser.swift */ = {isa = PBXFileReference; lastKnownFileType = sourcecode.swift; path = ErrorParser.swift; sourceTree = "<group>"; };
		CE046EFC299A847500BBE9C7 /* CustomDecodableSerializer.swift */ = {isa = PBXFileReference; lastKnownFileType = sourcecode.swift; path = CustomDecodableSerializer.swift; sourceTree = "<group>"; };
		CE046EFE299A862E00BBE9C7 /* DataRequest.swift */ = {isa = PBXFileReference; lastKnownFileType = sourcecode.swift; path = DataRequest.swift; sourceTree = "<group>"; };
		CE046F00299A872B00BBE9C7 /* RequestRouter.swift */ = {isa = PBXFileReference; lastKnownFileType = sourcecode.swift; path = RequestRouter.swift; sourceTree = "<group>"; };
/* End PBXFileReference section */

/* Begin PBXFrameworksBuildPhase section */
		CE046EA2299A667700BBE9C7 /* Frameworks */ = {
			isa = PBXFrameworksBuildPhase;
			buildActionMask = 2147483647;
			files = (
				CE046EEF299A7A0200BBE9C7 /* Alamofire in Frameworks */,
			);
			runOnlyForDeploymentPostprocessing = 0;
		};
		CE046EB8299A667A00BBE9C7 /* Frameworks */ = {
			isa = PBXFrameworksBuildPhase;
			buildActionMask = 2147483647;
			files = (
			);
			runOnlyForDeploymentPostprocessing = 0;
		};
		CE046EC2299A667A00BBE9C7 /* Frameworks */ = {
			isa = PBXFrameworksBuildPhase;
			buildActionMask = 2147483647;
			files = (
			);
			runOnlyForDeploymentPostprocessing = 0;
		};
/* End PBXFrameworksBuildPhase section */

/* Begin PBXGroup section */
		CE046E9C299A667700BBE9C7 = {
			isa = PBXGroup;
			children = (
				CE046EA7299A667700BBE9C7 /* GBShop */,
				CE046EBE299A667A00BBE9C7 /* GBShopTests */,
				CE046EC8299A667A00BBE9C7 /* GBShopUITests */,
				CE046EA6299A667700BBE9C7 /* Products */,
			);
			sourceTree = "<group>";
		};
		CE046EA6299A667700BBE9C7 /* Products */ = {
			isa = PBXGroup;
			children = (
				CE046EA5299A667700BBE9C7 /* GBShop.app */,
				CE046EBB299A667A00BBE9C7 /* GBShopTests.xctest */,
				CE046EC5299A667A00BBE9C7 /* GBShopUITests.xctest */,
			);
			name = Products;
			sourceTree = "<group>";
		};
		CE046EA7299A667700BBE9C7 /* GBShop */ = {
			isa = PBXGroup;
			children = (
				CE046EE0299A6DDB00BBE9C7 /* App */,
				CE046EE6299A6E7700BBE9C7 /* Core */,
				CE046EE8299A6EB700BBE9C7 /* Resources */,
				CE046EE7299A6E7F00BBE9C7 /* Environments */,
			);
			path = GBShop;
			sourceTree = "<group>";
		};
		CE046EBE299A667A00BBE9C7 /* GBShopTests */ = {
			isa = PBXGroup;
			children = (
				CE046EBF299A667A00BBE9C7 /* GBShopTests.swift */,
			);
			path = GBShopTests;
			sourceTree = "<group>";
		};
		CE046EC8299A667A00BBE9C7 /* GBShopUITests */ = {
			isa = PBXGroup;
			children = (
				CE046EC9299A667A00BBE9C7 /* GBShopUITests.swift */,
				CE046ECB299A667A00BBE9C7 /* GBShopUITestsLaunchTests.swift */,
			);
			path = GBShopUITests;
			sourceTree = "<group>";
		};
		CE046EE0299A6DDB00BBE9C7 /* App */ = {
			isa = PBXGroup;
			children = (
				CE046EA8299A667700BBE9C7 /* AppDelegate.swift */,
				CE046EAA299A667700BBE9C7 /* SceneDelegate.swift */,
				CE046EE1299A6DE100BBE9C7 /* BusinessLogic */,
				CE046EE3299A6DF700BBE9C7 /* Entity */,
				CE046EE4299A6E1100BBE9C7 /* Assembly */,
				CE046EE5299A6E2800BBE9C7 /* Flows */,
			);
			path = App;
			sourceTree = "<group>";
		};
		CE046EE1299A6DE100BBE9C7 /* BusinessLogic */ = {
			isa = PBXGroup;
			children = (
				CE046EF0299A7B2A00BBE9C7 /* Network */,
			);
			path = BusinessLogic;
			sourceTree = "<group>";
		};
		CE046EE3299A6DF700BBE9C7 /* Entity */ = {
			isa = PBXGroup;
			children = (
				CE046EE9299A769F00BBE9C7 /* User.swift */,
				CE046EEB299A76F000BBE9C7 /* LoginResult.swift */,
			);
			path = Entity;
			sourceTree = "<group>";
		};
		CE046EE4299A6E1100BBE9C7 /* Assembly */ = {
			isa = PBXGroup;
			children = (
			);
			path = Assembly;
			sourceTree = "<group>";
		};
		CE046EE5299A6E2800BBE9C7 /* Flows */ = {
			isa = PBXGroup;
			children = (
			);
			path = Flows;
			sourceTree = "<group>";
		};
		CE046EE6299A6E7700BBE9C7 /* Core */ = {
			isa = PBXGroup;
			children = (
				CE046EF7299A824500BBE9C7 /* Network */,
			);
			path = Core;
			sourceTree = "<group>";
		};
		CE046EE7299A6E7F00BBE9C7 /* Environments */ = {
			isa = PBXGroup;
			children = (
				CE046EB6299A667A00BBE9C7 /* Info.plist */,
			);
			path = Environments;
			sourceTree = "<group>";
		};
		CE046EE8299A6EB700BBE9C7 /* Resources */ = {
			isa = PBXGroup;
			children = (
				CE046EB1299A667A00BBE9C7 /* Assets.xcassets */,
				CE046EB3299A667A00BBE9C7 /* LaunchScreen.storyboard */,
			);
			path = Resources;
			sourceTree = "<group>";
		};
		CE046EF0299A7B2A00BBE9C7 /* Network */ = {
			isa = PBXGroup;
			children = (
				CE046EF3299A7C5500BBE9C7 /* Auth.swift */,
				CE046EF1299A7B7800BBE9C7 /* AuthRequestFactory.swift */,
				CE046EF5299A7E7700BBE9C7 /* RequestFactory.swift */,
			);
			path = Network;
			sourceTree = "<group>";
		};
		CE046EF7299A824500BBE9C7 /* Network */ = {
			isa = PBXGroup;
			children = (
				CE046EF8299A828100BBE9C7 /* AbstractErrorParser.swift */,
				CE046EFA299A836B00BBE9C7 /* ErrorParser.swift */,
				CE046EFC299A847500BBE9C7 /* CustomDecodableSerializer.swift */,
				CE046EFE299A862E00BBE9C7 /* DataRequest.swift */,
				CE046F00299A872B00BBE9C7 /* RequestRouter.swift */,
			);
			path = Network;
			sourceTree = "<group>";
		};
/* End PBXGroup section */

/* Begin PBXNativeTarget section */
		CE046EA4299A667700BBE9C7 /* GBShop */ = {
			isa = PBXNativeTarget;
			buildConfigurationList = CE046ECF299A667A00BBE9C7 /* Build configuration list for PBXNativeTarget "GBShop" */;
			buildPhases = (
				CE046EA1299A667700BBE9C7 /* Sources */,
				CE046EA2299A667700BBE9C7 /* Frameworks */,
				CE046EA3299A667700BBE9C7 /* Resources */,
			);
			buildRules = (
			);
			dependencies = (
			);
			name = GBShop;
			packageProductDependencies = (
				CE046EEE299A7A0200BBE9C7 /* Alamofire */,
			);
			productName = GBShop;
			productReference = CE046EA5299A667700BBE9C7 /* GBShop.app */;
			productType = "com.apple.product-type.application";
		};
		CE046EBA299A667A00BBE9C7 /* GBShopTests */ = {
			isa = PBXNativeTarget;
			buildConfigurationList = CE046ED2299A667A00BBE9C7 /* Build configuration list for PBXNativeTarget "GBShopTests" */;
			buildPhases = (
				CE046EB7299A667A00BBE9C7 /* Sources */,
				CE046EB8299A667A00BBE9C7 /* Frameworks */,
				CE046EB9299A667A00BBE9C7 /* Resources */,
			);
			buildRules = (
			);
			dependencies = (
				CE046EBD299A667A00BBE9C7 /* PBXTargetDependency */,
			);
			name = GBShopTests;
			productName = GBShopTests;
			productReference = CE046EBB299A667A00BBE9C7 /* GBShopTests.xctest */;
			productType = "com.apple.product-type.bundle.unit-test";
		};
		CE046EC4299A667A00BBE9C7 /* GBShopUITests */ = {
			isa = PBXNativeTarget;
			buildConfigurationList = CE046ED5299A667A00BBE9C7 /* Build configuration list for PBXNativeTarget "GBShopUITests" */;
			buildPhases = (
				CE046EC1299A667A00BBE9C7 /* Sources */,
				CE046EC2299A667A00BBE9C7 /* Frameworks */,
				CE046EC3299A667A00BBE9C7 /* Resources */,
			);
			buildRules = (
			);
			dependencies = (
				CE046EC7299A667A00BBE9C7 /* PBXTargetDependency */,
			);
			name = GBShopUITests;
			productName = GBShopUITests;
			productReference = CE046EC5299A667A00BBE9C7 /* GBShopUITests.xctest */;
			productType = "com.apple.product-type.bundle.ui-testing";
		};
/* End PBXNativeTarget section */

/* Begin PBXProject section */
		CE046E9D299A667700BBE9C7 /* Project object */ = {
			isa = PBXProject;
			attributes = {
				BuildIndependentTargetsInParallel = 1;
				LastSwiftUpdateCheck = 1420;
				LastUpgradeCheck = 1420;
				TargetAttributes = {
					CE046EA4299A667700BBE9C7 = {
						CreatedOnToolsVersion = 14.2;
					};
					CE046EBA299A667A00BBE9C7 = {
						CreatedOnToolsVersion = 14.2;
						TestTargetID = CE046EA4299A667700BBE9C7;
					};
					CE046EC4299A667A00BBE9C7 = {
						CreatedOnToolsVersion = 14.2;
						TestTargetID = CE046EA4299A667700BBE9C7;
					};
				};
			};
			buildConfigurationList = CE046EA0299A667700BBE9C7 /* Build configuration list for PBXProject "GBShop" */;
			compatibilityVersion = "Xcode 14.0";
			developmentRegion = en;
			hasScannedForEncodings = 0;
			knownRegions = (
				en,
				Base,
			);
			mainGroup = CE046E9C299A667700BBE9C7;
			packageReferences = (
				CE046EED299A7A0200BBE9C7 /* XCRemoteSwiftPackageReference "Alamofire" */,
			);
			productRefGroup = CE046EA6299A667700BBE9C7 /* Products */;
			projectDirPath = "";
			projectRoot = "";
			targets = (
				CE046EA4299A667700BBE9C7 /* GBShop */,
				CE046EBA299A667A00BBE9C7 /* GBShopTests */,
				CE046EC4299A667A00BBE9C7 /* GBShopUITests */,
			);
		};
/* End PBXProject section */

/* Begin PBXResourcesBuildPhase section */
		CE046EA3299A667700BBE9C7 /* Resources */ = {
			isa = PBXResourcesBuildPhase;
			buildActionMask = 2147483647;
			files = (
				CE046EB5299A667A00BBE9C7 /* LaunchScreen.storyboard in Resources */,
				CE046EB2299A667A00BBE9C7 /* Assets.xcassets in Resources */,
			);
			runOnlyForDeploymentPostprocessing = 0;
		};
		CE046EB9299A667A00BBE9C7 /* Resources */ = {
			isa = PBXResourcesBuildPhase;
			buildActionMask = 2147483647;
			files = (
			);
			runOnlyForDeploymentPostprocessing = 0;
		};
		CE046EC3299A667A00BBE9C7 /* Resources */ = {
			isa = PBXResourcesBuildPhase;
			buildActionMask = 2147483647;
			files = (
			);
			runOnlyForDeploymentPostprocessing = 0;
		};
/* End PBXResourcesBuildPhase section */

/* Begin PBXSourcesBuildPhase section */
		CE046EA1299A667700BBE9C7 /* Sources */ = {
			isa = PBXSourcesBuildPhase;
			buildActionMask = 2147483647;
			files = (
				CE046EEC299A76F000BBE9C7 /* LoginResult.swift in Sources */,
				CE046EFF299A862E00BBE9C7 /* DataRequest.swift in Sources */,
				CE046EA9299A667700BBE9C7 /* AppDelegate.swift in Sources */,
				CE046EF2299A7B7800BBE9C7 /* AuthRequestFactory.swift in Sources */,
				CE046EF6299A7E7700BBE9C7 /* RequestFactory.swift in Sources */,
				CE046EFB299A836B00BBE9C7 /* ErrorParser.swift in Sources */,
				CE046EAB299A667700BBE9C7 /* SceneDelegate.swift in Sources */,
				CE046EEA299A769F00BBE9C7 /* User.swift in Sources */,
				CE046F01299A872B00BBE9C7 /* RequestRouter.swift in Sources */,
				CE046EF4299A7C5500BBE9C7 /* Auth.swift in Sources */,
				CE046EFD299A847500BBE9C7 /* CustomDecodableSerializer.swift in Sources */,
				CE046EF9299A828100BBE9C7 /* AbstractErrorParser.swift in Sources */,
			);
			runOnlyForDeploymentPostprocessing = 0;
		};
		CE046EB7299A667A00BBE9C7 /* Sources */ = {
			isa = PBXSourcesBuildPhase;
			buildActionMask = 2147483647;
			files = (
				CE046EC0299A667A00BBE9C7 /* GBShopTests.swift in Sources */,
			);
			runOnlyForDeploymentPostprocessing = 0;
		};
		CE046EC1299A667A00BBE9C7 /* Sources */ = {
			isa = PBXSourcesBuildPhase;
			buildActionMask = 2147483647;
			files = (
				CE046ECA299A667A00BBE9C7 /* GBShopUITests.swift in Sources */,
				CE046ECC299A667A00BBE9C7 /* GBShopUITestsLaunchTests.swift in Sources */,
			);
			runOnlyForDeploymentPostprocessing = 0;
		};
/* End PBXSourcesBuildPhase section */

/* Begin PBXTargetDependency section */
		CE046EBD299A667A00BBE9C7 /* PBXTargetDependency */ = {
			isa = PBXTargetDependency;
			target = CE046EA4299A667700BBE9C7 /* GBShop */;
			targetProxy = CE046EBC299A667A00BBE9C7 /* PBXContainerItemProxy */;
		};
		CE046EC7299A667A00BBE9C7 /* PBXTargetDependency */ = {
			isa = PBXTargetDependency;
			target = CE046EA4299A667700BBE9C7 /* GBShop */;
			targetProxy = CE046EC6299A667A00BBE9C7 /* PBXContainerItemProxy */;
		};
/* End PBXTargetDependency section */

/* Begin PBXVariantGroup section */
		CE046EB3299A667A00BBE9C7 /* LaunchScreen.storyboard */ = {
			isa = PBXVariantGroup;
			children = (
				CE046EB4299A667A00BBE9C7 /* Base */,
			);
			name = LaunchScreen.storyboard;
			sourceTree = "<group>";
		};
/* End PBXVariantGroup section */

/* Begin XCBuildConfiguration section */
		CE046ECD299A667A00BBE9C7 /* Debug */ = {
			isa = XCBuildConfiguration;
			buildSettings = {
				ALWAYS_SEARCH_USER_PATHS = NO;
				CLANG_ANALYZER_NONNULL = YES;
				CLANG_ANALYZER_NUMBER_OBJECT_CONVERSION = YES_AGGRESSIVE;
				CLANG_CXX_LANGUAGE_STANDARD = "gnu++20";
				CLANG_ENABLE_MODULES = YES;
				CLANG_ENABLE_OBJC_ARC = YES;
				CLANG_ENABLE_OBJC_WEAK = YES;
				CLANG_WARN_BLOCK_CAPTURE_AUTORELEASING = YES;
				CLANG_WARN_BOOL_CONVERSION = YES;
				CLANG_WARN_COMMA = YES;
				CLANG_WARN_CONSTANT_CONVERSION = YES;
				CLANG_WARN_DEPRECATED_OBJC_IMPLEMENTATIONS = YES;
				CLANG_WARN_DIRECT_OBJC_ISA_USAGE = YES_ERROR;
				CLANG_WARN_DOCUMENTATION_COMMENTS = YES;
				CLANG_WARN_EMPTY_BODY = YES;
				CLANG_WARN_ENUM_CONVERSION = YES;
				CLANG_WARN_INFINITE_RECURSION = YES;
				CLANG_WARN_INT_CONVERSION = YES;
				CLANG_WARN_NON_LITERAL_NULL_CONVERSION = YES;
				CLANG_WARN_OBJC_IMPLICIT_RETAIN_SELF = YES;
				CLANG_WARN_OBJC_LITERAL_CONVERSION = YES;
				CLANG_WARN_OBJC_ROOT_CLASS = YES_ERROR;
				CLANG_WARN_QUOTED_INCLUDE_IN_FRAMEWORK_HEADER = YES;
				CLANG_WARN_RANGE_LOOP_ANALYSIS = YES;
				CLANG_WARN_STRICT_PROTOTYPES = YES;
				CLANG_WARN_SUSPICIOUS_MOVE = YES;
				CLANG_WARN_UNGUARDED_AVAILABILITY = YES_AGGRESSIVE;
				CLANG_WARN_UNREACHABLE_CODE = YES;
				CLANG_WARN__DUPLICATE_METHOD_MATCH = YES;
				COPY_PHASE_STRIP = NO;
				DEBUG_INFORMATION_FORMAT = dwarf;
				ENABLE_STRICT_OBJC_MSGSEND = YES;
				ENABLE_TESTABILITY = YES;
				GCC_C_LANGUAGE_STANDARD = gnu11;
				GCC_DYNAMIC_NO_PIC = NO;
				GCC_NO_COMMON_BLOCKS = YES;
				GCC_OPTIMIZATION_LEVEL = 0;
				GCC_PREPROCESSOR_DEFINITIONS = (
					"DEBUG=1",
					"$(inherited)",
				);
				GCC_WARN_64_TO_32_BIT_CONVERSION = YES;
				GCC_WARN_ABOUT_RETURN_TYPE = YES_ERROR;
				GCC_WARN_UNDECLARED_SELECTOR = YES;
				GCC_WARN_UNINITIALIZED_AUTOS = YES_AGGRESSIVE;
				GCC_WARN_UNUSED_FUNCTION = YES;
				GCC_WARN_UNUSED_VARIABLE = YES;
				IPHONEOS_DEPLOYMENT_TARGET = 16.2;
				MTL_ENABLE_DEBUG_INFO = INCLUDE_SOURCE;
				MTL_FAST_MATH = YES;
				ONLY_ACTIVE_ARCH = YES;
				SDKROOT = iphoneos;
				SWIFT_ACTIVE_COMPILATION_CONDITIONS = DEBUG;
				SWIFT_OPTIMIZATION_LEVEL = "-Onone";
			};
			name = Debug;
		};
		CE046ECE299A667A00BBE9C7 /* Release */ = {
			isa = XCBuildConfiguration;
			buildSettings = {
				ALWAYS_SEARCH_USER_PATHS = NO;
				CLANG_ANALYZER_NONNULL = YES;
				CLANG_ANALYZER_NUMBER_OBJECT_CONVERSION = YES_AGGRESSIVE;
				CLANG_CXX_LANGUAGE_STANDARD = "gnu++20";
				CLANG_ENABLE_MODULES = YES;
				CLANG_ENABLE_OBJC_ARC = YES;
				CLANG_ENABLE_OBJC_WEAK = YES;
				CLANG_WARN_BLOCK_CAPTURE_AUTORELEASING = YES;
				CLANG_WARN_BOOL_CONVERSION = YES;
				CLANG_WARN_COMMA = YES;
				CLANG_WARN_CONSTANT_CONVERSION = YES;
				CLANG_WARN_DEPRECATED_OBJC_IMPLEMENTATIONS = YES;
				CLANG_WARN_DIRECT_OBJC_ISA_USAGE = YES_ERROR;
				CLANG_WARN_DOCUMENTATION_COMMENTS = YES;
				CLANG_WARN_EMPTY_BODY = YES;
				CLANG_WARN_ENUM_CONVERSION = YES;
				CLANG_WARN_INFINITE_RECURSION = YES;
				CLANG_WARN_INT_CONVERSION = YES;
				CLANG_WARN_NON_LITERAL_NULL_CONVERSION = YES;
				CLANG_WARN_OBJC_IMPLICIT_RETAIN_SELF = YES;
				CLANG_WARN_OBJC_LITERAL_CONVERSION = YES;
				CLANG_WARN_OBJC_ROOT_CLASS = YES_ERROR;
				CLANG_WARN_QUOTED_INCLUDE_IN_FRAMEWORK_HEADER = YES;
				CLANG_WARN_RANGE_LOOP_ANALYSIS = YES;
				CLANG_WARN_STRICT_PROTOTYPES = YES;
				CLANG_WARN_SUSPICIOUS_MOVE = YES;
				CLANG_WARN_UNGUARDED_AVAILABILITY = YES_AGGRESSIVE;
				CLANG_WARN_UNREACHABLE_CODE = YES;
				CLANG_WARN__DUPLICATE_METHOD_MATCH = YES;
				COPY_PHASE_STRIP = NO;
				DEBUG_INFORMATION_FORMAT = "dwarf-with-dsym";
				ENABLE_NS_ASSERTIONS = NO;
				ENABLE_STRICT_OBJC_MSGSEND = YES;
				GCC_C_LANGUAGE_STANDARD = gnu11;
				GCC_NO_COMMON_BLOCKS = YES;
				GCC_WARN_64_TO_32_BIT_CONVERSION = YES;
				GCC_WARN_ABOUT_RETURN_TYPE = YES_ERROR;
				GCC_WARN_UNDECLARED_SELECTOR = YES;
				GCC_WARN_UNINITIALIZED_AUTOS = YES_AGGRESSIVE;
				GCC_WARN_UNUSED_FUNCTION = YES;
				GCC_WARN_UNUSED_VARIABLE = YES;
				IPHONEOS_DEPLOYMENT_TARGET = 16.2;
				MTL_ENABLE_DEBUG_INFO = NO;
				MTL_FAST_MATH = YES;
				SDKROOT = iphoneos;
				SWIFT_COMPILATION_MODE = wholemodule;
				SWIFT_OPTIMIZATION_LEVEL = "-O";
				VALIDATE_PRODUCT = YES;
			};
			name = Release;
		};
		CE046ED0299A667A00BBE9C7 /* Debug */ = {
			isa = XCBuildConfiguration;
			buildSettings = {
				ASSETCATALOG_COMPILER_APPICON_NAME = AppIcon;
				ASSETCATALOG_COMPILER_GLOBAL_ACCENT_COLOR_NAME = AccentColor;
				CODE_SIGN_STYLE = Automatic;
				CURRENT_PROJECT_VERSION = 1;
				DEVELOPMENT_TEAM = 8C2J2DRGH6;
				GENERATE_INFOPLIST_FILE = YES;
				INFOPLIST_FILE = GBShop/Environments/Info.plist;
				INFOPLIST_KEY_CFBundleDisplayName = "";
				INFOPLIST_KEY_LSApplicationCategoryType = "";
				INFOPLIST_KEY_UIApplicationSupportsIndirectInputEvents = YES;
				INFOPLIST_KEY_UILaunchStoryboardName = LaunchScreen;
				INFOPLIST_KEY_UIMainStoryboardFile = "";
				INFOPLIST_KEY_UISupportedInterfaceOrientations_iPad = "UIInterfaceOrientationPortrait UIInterfaceOrientationPortraitUpsideDown UIInterfaceOrientationLandscapeLeft UIInterfaceOrientationLandscapeRight";
				INFOPLIST_KEY_UISupportedInterfaceOrientations_iPhone = "UIInterfaceOrientationPortrait UIInterfaceOrientationLandscapeLeft UIInterfaceOrientationLandscapeRight";
				LD_RUNPATH_SEARCH_PATHS = (
					"$(inherited)",
					"@executable_path/Frameworks",
				);
				MARKETING_VERSION = 1.0;
				PRODUCT_BUNDLE_IDENTIFIER = "Andrey-Piskunov.GBShop";
				PRODUCT_NAME = "$(TARGET_NAME)";
				SWIFT_EMIT_LOC_STRINGS = YES;
				SWIFT_VERSION = 5.0;
				TARGETED_DEVICE_FAMILY = "1,2";
			};
			name = Debug;
		};
		CE046ED1299A667A00BBE9C7 /* Release */ = {
			isa = XCBuildConfiguration;
			buildSettings = {
				ASSETCATALOG_COMPILER_APPICON_NAME = AppIcon;
				ASSETCATALOG_COMPILER_GLOBAL_ACCENT_COLOR_NAME = AccentColor;
				CODE_SIGN_STYLE = Automatic;
				CURRENT_PROJECT_VERSION = 1;
				DEVELOPMENT_TEAM = 8C2J2DRGH6;
				GENERATE_INFOPLIST_FILE = YES;
				INFOPLIST_FILE = GBShop/Environments/Info.plist;
				INFOPLIST_KEY_CFBundleDisplayName = "";
				INFOPLIST_KEY_LSApplicationCategoryType = "";
				INFOPLIST_KEY_UIApplicationSupportsIndirectInputEvents = YES;
				INFOPLIST_KEY_UILaunchStoryboardName = LaunchScreen;
				INFOPLIST_KEY_UIMainStoryboardFile = "";
				INFOPLIST_KEY_UISupportedInterfaceOrientations_iPad = "UIInterfaceOrientationPortrait UIInterfaceOrientationPortraitUpsideDown UIInterfaceOrientationLandscapeLeft UIInterfaceOrientationLandscapeRight";
				INFOPLIST_KEY_UISupportedInterfaceOrientations_iPhone = "UIInterfaceOrientationPortrait UIInterfaceOrientationLandscapeLeft UIInterfaceOrientationLandscapeRight";
				LD_RUNPATH_SEARCH_PATHS = (
					"$(inherited)",
					"@executable_path/Frameworks",
				);
				MARKETING_VERSION = 1.0;
				PRODUCT_BUNDLE_IDENTIFIER = "Andrey-Piskunov.GBShop";
				PRODUCT_NAME = "$(TARGET_NAME)";
				SWIFT_EMIT_LOC_STRINGS = YES;
				SWIFT_VERSION = 5.0;
				TARGETED_DEVICE_FAMILY = "1,2";
			};
			name = Release;
		};
		CE046ED3299A667A00BBE9C7 /* Debug */ = {
			isa = XCBuildConfiguration;
			buildSettings = {
				ALWAYS_EMBED_SWIFT_STANDARD_LIBRARIES = YES;
				BUNDLE_LOADER = "$(TEST_HOST)";
				CODE_SIGN_STYLE = Automatic;
				CURRENT_PROJECT_VERSION = 1;
				DEVELOPMENT_TEAM = 8C2J2DRGH6;
				GENERATE_INFOPLIST_FILE = YES;
				IPHONEOS_DEPLOYMENT_TARGET = 16.2;
				MARKETING_VERSION = 1.0;
				PRODUCT_BUNDLE_IDENTIFIER = "Andrey-Piskunov.GBShopTests";
				PRODUCT_NAME = "$(TARGET_NAME)";
				SWIFT_EMIT_LOC_STRINGS = NO;
				SWIFT_VERSION = 5.0;
				TARGETED_DEVICE_FAMILY = "1,2";
				TEST_HOST = "$(BUILT_PRODUCTS_DIR)/GBShop.app/$(BUNDLE_EXECUTABLE_FOLDER_PATH)/GBShop";
			};
			name = Debug;
		};
		CE046ED4299A667A00BBE9C7 /* Release */ = {
			isa = XCBuildConfiguration;
			buildSettings = {
				ALWAYS_EMBED_SWIFT_STANDARD_LIBRARIES = YES;
				BUNDLE_LOADER = "$(TEST_HOST)";
				CODE_SIGN_STYLE = Automatic;
				CURRENT_PROJECT_VERSION = 1;
				DEVELOPMENT_TEAM = 8C2J2DRGH6;
				GENERATE_INFOPLIST_FILE = YES;
				IPHONEOS_DEPLOYMENT_TARGET = 16.2;
				MARKETING_VERSION = 1.0;
				PRODUCT_BUNDLE_IDENTIFIER = "Andrey-Piskunov.GBShopTests";
				PRODUCT_NAME = "$(TARGET_NAME)";
				SWIFT_EMIT_LOC_STRINGS = NO;
				SWIFT_VERSION = 5.0;
				TARGETED_DEVICE_FAMILY = "1,2";
				TEST_HOST = "$(BUILT_PRODUCTS_DIR)/GBShop.app/$(BUNDLE_EXECUTABLE_FOLDER_PATH)/GBShop";
			};
			name = Release;
		};
		CE046ED6299A667A00BBE9C7 /* Debug */ = {
			isa = XCBuildConfiguration;
			buildSettings = {
				ALWAYS_EMBED_SWIFT_STANDARD_LIBRARIES = YES;
				CODE_SIGN_STYLE = Automatic;
				CURRENT_PROJECT_VERSION = 1;
				DEVELOPMENT_TEAM = 8C2J2DRGH6;
				GENERATE_INFOPLIST_FILE = YES;
				MARKETING_VERSION = 1.0;
				PRODUCT_BUNDLE_IDENTIFIER = "Andrey-Piskunov.GBShopUITests";
				PRODUCT_NAME = "$(TARGET_NAME)";
				SWIFT_EMIT_LOC_STRINGS = NO;
				SWIFT_VERSION = 5.0;
				TARGETED_DEVICE_FAMILY = "1,2";
				TEST_TARGET_NAME = GBShop;
			};
			name = Debug;
		};
		CE046ED7299A667A00BBE9C7 /* Release */ = {
			isa = XCBuildConfiguration;
			buildSettings = {
				ALWAYS_EMBED_SWIFT_STANDARD_LIBRARIES = YES;
				CODE_SIGN_STYLE = Automatic;
				CURRENT_PROJECT_VERSION = 1;
				DEVELOPMENT_TEAM = 8C2J2DRGH6;
				GENERATE_INFOPLIST_FILE = YES;
				MARKETING_VERSION = 1.0;
				PRODUCT_BUNDLE_IDENTIFIER = "Andrey-Piskunov.GBShopUITests";
				PRODUCT_NAME = "$(TARGET_NAME)";
				SWIFT_EMIT_LOC_STRINGS = NO;
				SWIFT_VERSION = 5.0;
				TARGETED_DEVICE_FAMILY = "1,2";
				TEST_TARGET_NAME = GBShop;
			};
			name = Release;
		};
/* End XCBuildConfiguration section */

/* Begin XCConfigurationList section */
		CE046EA0299A667700BBE9C7 /* Build configuration list for PBXProject "GBShop" */ = {
			isa = XCConfigurationList;
			buildConfigurations = (
				CE046ECD299A667A00BBE9C7 /* Debug */,
				CE046ECE299A667A00BBE9C7 /* Release */,
			);
			defaultConfigurationIsVisible = 0;
			defaultConfigurationName = Release;
		};
		CE046ECF299A667A00BBE9C7 /* Build configuration list for PBXNativeTarget "GBShop" */ = {
			isa = XCConfigurationList;
			buildConfigurations = (
				CE046ED0299A667A00BBE9C7 /* Debug */,
				CE046ED1299A667A00BBE9C7 /* Release */,
			);
			defaultConfigurationIsVisible = 0;
			defaultConfigurationName = Release;
		};
		CE046ED2299A667A00BBE9C7 /* Build configuration list for PBXNativeTarget "GBShopTests" */ = {
			isa = XCConfigurationList;
			buildConfigurations = (
				CE046ED3299A667A00BBE9C7 /* Debug */,
				CE046ED4299A667A00BBE9C7 /* Release */,
			);
			defaultConfigurationIsVisible = 0;
			defaultConfigurationName = Release;
		};
		CE046ED5299A667A00BBE9C7 /* Build configuration list for PBXNativeTarget "GBShopUITests" */ = {
			isa = XCConfigurationList;
			buildConfigurations = (
				CE046ED6299A667A00BBE9C7 /* Debug */,
				CE046ED7299A667A00BBE9C7 /* Release */,
			);
			defaultConfigurationIsVisible = 0;
			defaultConfigurationName = Release;
		};
/* End XCConfigurationList section */

/* Begin XCRemoteSwiftPackageReference section */
		CE046EED299A7A0200BBE9C7 /* XCRemoteSwiftPackageReference "Alamofire" */ = {
			isa = XCRemoteSwiftPackageReference;
			repositoryURL = "https://github.com/Alamofire/Alamofire?ysclid=le2vt3xr2x421261376";
			requirement = {
				kind = upToNextMajorVersion;
				minimumVersion = 5.0.0;
			};
		};
/* End XCRemoteSwiftPackageReference section */

/* Begin XCSwiftPackageProductDependency section */
		CE046EEE299A7A0200BBE9C7 /* Alamofire */ = {
			isa = XCSwiftPackageProductDependency;
			package = CE046EED299A7A0200BBE9C7 /* XCRemoteSwiftPackageReference "Alamofire" */;
			productName = Alamofire;
		};
/* End XCSwiftPackageProductDependency section */
	};
	rootObject = CE046E9D299A667700BBE9C7 /* Project object */;
}
